
Microsoft Visual Studio Solution File, Format Version 12.00
# Visual Studio Version 16
VisualStudioVersion = 16.0.28803.156
MinimumVisualStudioVersion = 10.0.40219.1
Project("{FAE04EC0-301F-11D3-BF4B-00C04F79EFBC}") = "NetCoreMVCSample", "NetCoreMVCSample\NetCoreMVCSample.csproj", "{3BC2508C-845A-4D93-98CC-7E9958210AE8}"
EndProject
Project("{FAE04EC0-301F-11D3-BF4B-00C04F79EFBC}") = "Application", "Application\Application.csproj", "{B1E07F67-02A6-4371-A2E2-E42865FA23A8}"
EndProject
Project("{FAE04EC0-301F-11D3-BF4B-00C04F79EFBC}") = "InversionOfControl", "InversionOfControl\InversionOfControl.csproj", "{2275CF31-436C-4959-A91D-52A01AE31B23}"
EndProject
Project("{FAE04EC0-301F-11D3-BF4B-00C04F79EFBC}") = "Domain", "Domain\Domain.csproj", "{AA5AD7FA-ABBA-4FD0-A79A-0AF7ECABFAAB}"
EndProject
Project("{FAE04EC0-301F-11D3-BF4B-00C04F79EFBC}") = "Persistance", "Persistance\Persistance.csproj", "{EE25D0D7-6A9D-4E70-A954-8C0FA391E61D}"
EndProject
Global
	GlobalSection(SolutionConfigurationPlatforms) = preSolution
		Debug|Any CPU = Debug|Any CPU
		Release|Any CPU = Release|Any CPU
	EndGlobalSection
	GlobalSection(ProjectConfigurationPlatforms) = postSolution
		{3BC2508C-845A-4D93-98CC-7E9958210AE8}.Debug|Any CPU.ActiveCfg = Debug|Any CPU
		{3BC2508C-845A-4D93-98CC-7E9958210AE8}.Debug|Any CPU.Build.0 = Debug|Any CPU
		{3BC2508C-845A-4D93-98CC-7E9958210AE8}.Release|Any CPU.ActiveCfg = Release|Any CPU
		{3BC2508C-845A-4D93-98CC-7E9958210AE8}.Release|Any CPU.Build.0 = Release|Any CPU
		{B1E07F67-02A6-4371-A2E2-E42865FA23A8}.Debug|Any CPU.ActiveCfg = Debug|Any CPU
		{B1E07F67-02A6-4371-A2E2-E42865FA23A8}.Debug|Any CPU.Build.0 = Debug|Any CPU
		{B1E07F67-02A6-4371-A2E2-E42865FA23A8}.Release|Any CPU.ActiveCfg = Release|Any CPU
		{B1E07F67-02A6-4371-A2E2-E42865FA23A8}.Release|Any CPU.Build.0 = Release|Any CPU
		{2275CF31-436C-4959-A91D-52A01AE31B23}.Debug|Any CPU.ActiveCfg = Debug|Any CPU
		{2275CF31-436C-4959-A91D-52A01AE31B23}.Debug|Any CPU.Build.0 = Debug|Any CPU
		{2275CF31-436C-4959-A91D-52A01AE31B23}.Release|Any CPU.ActiveCfg = Release|Any CPU
		{2275CF31-436C-4959-A91D-52A01AE31B23}.Release|Any CPU.Build.0 = Release|Any CPU
		{AA5AD7FA-ABBA-4FD0-A79A-0AF7ECABFAAB}.Debug|Any CPU.ActiveCfg = Debug|Any CPU
		{AA5AD7FA-ABBA-4FD0-A79A-0AF7ECABFAAB}.Debug|Any CPU.Build.0 = Debug|Any CPU
		{AA5AD7FA-ABBA-4FD0-A79A-0AF7ECABFAAB}.Release|Any CPU.ActiveCfg = Release|Any CPU
		{AA5AD7FA-ABBA-4FD0-A79A-0AF7ECABFAAB}.Release|Any CPU.Build.0 = Release|Any CPU
		{EE25D0D7-6A9D-4E70-A954-8C0FA391E61D}.Debug|Any CPU.ActiveCfg = Debug|Any CPU
		{EE25D0D7-6A9D-4E70-A954-8C0FA391E61D}.Debug|Any CPU.Build.0 = Debug|Any CPU
		{EE25D0D7-6A9D-4E70-A954-8C0FA391E61D}.Release|Any CPU.ActiveCfg = Release|Any CPU
		{EE25D0D7-6A9D-4E70-A954-8C0FA391E61D}.Release|Any CPU.Build.0 = Release|Any CPU
	EndGlobalSection
	GlobalSection(SolutionProperties) = preSolution
		HideSolutionNode = FALSE
	EndGlobalSection
	GlobalSection(ExtensibilityGlobals) = postSolution
		SolutionGuid = {7E98D109-E1B7-4928-93B1-C1B50DA7AB01}
	EndGlobalSection
EndGlobal
